
Microsoft Visual Studio Solution File, Format Version 12.00
# Visual Studio 15
VisualStudioVersion = 15.0.28010.2026
MinimumVisualStudioVersion = 10.0.40219.1
Project("{8BC9CEB8-8B4A-11D0-8D11-00A0C91BC942}") = "DesignPattern", "DesignPattern\DesignPattern.vcxproj", "{E01D6172-1694-4DA4-8222-F684E1D7226C}"
EndProject
Project("{2150E333-8FDC-42A3-9474-1A3956D46DE8}") = "创建型", "创建型", "{017F133B-3668-4758-8CCA-42BC5FAE4F3C}"
EndProject
Project("{8BC9CEB8-8B4A-11D0-8D11-00A0C91BC942}") = "Singleton", "Singleton\Singleton.vcxproj", "{048F06BB-0CFD-4FC8-AD45-345B070A7E3D}"
EndProject
Project("{8BC9CEB8-8B4A-11D0-8D11-00A0C91BC942}") = "AbstractFactory", "AbstractFactory\AbstractFactory.vcxproj", "{B5377602-2519-40FD-80FC-B09828FD256E}"
EndProject
Project("{2150E333-8FDC-42A3-9474-1A3956D46DE8}") = "结构型", "结构型", "{CE3E5D79-8D63-44D8-B998-B86A1D66B2B3}"
EndProject
Project("{FAE04EC0-301F-11D3-BF4B-00C04F79EFBC}") = "ProxyPattern", "ProxyPattern\ProxyPattern.csproj", "{F4436677-B137-479F-BF55-4E214CEA615A}"
EndProject
Project("{FAE04EC0-301F-11D3-BF4B-00C04F79EFBC}") = "StrategyPattern", "StrategyPattern\StrategyPattern.csproj", "{673EF260-D540-4445-84EB-B00CE8CCCA8B}"
EndProject
Project("{FAE04EC0-301F-11D3-BF4B-00C04F79EFBC}") = "PrototypePattern", "PrototypePattern\PrototypePattern.csproj", "{7F2ACE1B-B58D-4223-94C4-3B1AEC96F794}"
EndProject
Project("{2150E333-8FDC-42A3-9474-1A3956D46DE8}") = "测试", "测试", "{D99F6522-46DF-4E87-9DBB-FFC92EE581A4}"
EndProject
Project("{FAE04EC0-301F-11D3-BF4B-00C04F79EFBC}") = "ListClassTest", "ListClassTest\ListClassTest.csproj", "{9DC21A5F-2F7E-474B-9999-C4E299CB4BA7}"
EndProject
Project("{FAE04EC0-301F-11D3-BF4B-00C04F79EFBC}") = "RomanToInteger", "RomanToInteger\RomanToInteger.csproj", "{7C7AA1D7-23DA-4496-870E-A37B822900A0}"
EndProject
Project("{FAE04EC0-301F-11D3-BF4B-00C04F79EFBC}") = "GCTest", "GCTest\GCTest.csproj", "{B69EC56C-104D-49A4-B53F-E32EB27F9FF3}"
EndProject
Project("{2150E333-8FDC-42A3-9474-1A3956D46DE8}") = "行为型", "行为型", "{E88D0393-2ECB-462E-B7BC-ACCCA613B59F}"
EndProject
Project("{FAE04EC0-301F-11D3-BF4B-00C04F79EFBC}") = "StatePattern", "StatePattern\StatePattern.csproj", "{0FA268C6-304E-458E-B1B6-460F9DB51B75}"
EndProject
Project("{FAE04EC0-301F-11D3-BF4B-00C04F79EFBC}") = "DataSetTest", "DataSetTest\DataSetTest.csproj", "{60EF434E-6A99-4D26-B4E2-7EFF7FA9960D}"
EndProject
Project("{FAE04EC0-301F-11D3-BF4B-00C04F79EFBC}") = "ReflectionTest", "ReflectionTest\ReflectionTest.csproj", "{1E26E2D0-D9EA-4237-B91D-F8522BF77EE3}"
EndProject
Project("{FAE04EC0-301F-11D3-BF4B-00C04F79EFBC}") = "NoteBook", "NoteBook\NoteBook.csproj", "{6E00B9CF-391D-4E00-9C36-B21E19CAA1B5}"
EndProject
Project("{9A19103F-16F7-4668-BE54-9A1E7A4F7556}") = "plugIn", "plugIn\plugIn.csproj", "{16F2529C-2C8A-4F8E-B338-A3D1F79A44D2}"
EndProject
Project("{9A19103F-16F7-4668-BE54-9A1E7A4F7556}") = "NoteBookPlugIn", "NoteBookPlugIn\NoteBookPlugIn.csproj", "{753808E7-46A9-4F93-A711-66B05D804DFF}"
EndProject
Project("{9A19103F-16F7-4668-BE54-9A1E7A4F7556}") = "Test_DoNetPlugin", "Test_DoNetPlugin\Test_DoNetPlugin.csproj", "{E78A7742-4DB1-4835-BDF6-81082575F13E}"
EndProject
Project("{9A19103F-16F7-4668-BE54-9A1E7A4F7556}") = "PlugInInterfaceTest", "PlugInInterfaceTest\PlugInInterfaceTest.csproj", "{8FA68D7B-F926-4D55-8487-429F2096D3D7}"
EndProject
Project("{2150E333-8FDC-42A3-9474-1A3956D46DE8}") = "reflection test", "reflection test", "{01A47302-14D5-4561-8BCC-36192C26BEED}"
EndProject
Project("{9A19103F-16F7-4668-BE54-9A1E7A4F7556}") = "PlugIn1", "PlugIn1\PlugIn1.csproj", "{089901DD-0EBF-48AC-83AB-D3D5331C1768}"
EndProject
Project("{FAE04EC0-301F-11D3-BF4B-00C04F79EFBC}") = "ShowPlugIn", "ShowPlugIn\ShowPlugIn.csproj", "{E3AB85E8-0BEA-4B7A-8B35-AB7636D1B8F6}"
EndProject
Project("{9A19103F-16F7-4668-BE54-9A1E7A4F7556}") = "TaskTest", "TaskTest\TaskTest.csproj", "{CDFFE8C4-DC48-456E-ABD7-6B063CC20725}"
EndProject
Project("{FAE04EC0-301F-11D3-BF4B-00C04F79EFBC}") = "WpfApp1", "WpfApp1\WpfApp1.csproj", "{009AB20F-E46A-4F9D-B4BE-FBFB29057CA1}"
EndProject
Project("{FAE04EC0-301F-11D3-BF4B-00C04F79EFBC}") = "DiningPhilosiphor", "DiningPhilosiphor\DiningPhilosiphor.csproj", "{188B51EF-5EDF-4F6B-B84F-622222A37921}"
EndProject
Project("{8BC9CEB8-8B4A-11D0-8D11-00A0C91BC942}") = "FileOperation", "FileOperation\FileOperation.vcxproj", "{3899A984-C843-47E9-89DB-605756F4C46E}"
EndProject
Project("{8BC9CEB8-8B4A-11D0-8D11-00A0C91BC942}") = "deadlock_bow", "deadlock_bow\deadlock_bow.vcxproj", "{510E0736-63CE-492C-95D6-B03B3B01DA2F}"
EndProject
Project("{FAE04EC0-301F-11D3-BF4B-00C04F79EFBC}") = "bow_deadlock", "bow_deadlock\bow_deadlock.csproj", "{81C4F3C3-A6E1-408F-BBCB-B6C672795F17}"
EndProject
Project("{FAE04EC0-301F-11D3-BF4B-00C04F79EFBC}") = "IOC", "IOC\IOC.csproj", "{BF6FA8F8-21DB-4F22-8373-84171D88860E}"
EndProject
Project("{FAE04EC0-301F-11D3-BF4B-00C04F79EFBC}") = "GetCustomAttribute_Test", "GetCustomAttribute_Test\GetCustomAttribute_Test.csproj", "{703B0775-13D6-43D0-8705-D83149BFD3C9}"
EndProject
Project("{FAE04EC0-301F-11D3-BF4B-00C04F79EFBC}") = "DepandancyProperty_Test", "DepandancyProperty_Test\DepandancyProperty_Test.csproj", "{9AD01571-8739-4097-9E86-BA1338174A6F}"
EndProject
Project("{FAE04EC0-301F-11D3-BF4B-00C04F79EFBC}") = "SingleNumberFind", "SingleNumberFind\SingleNumberFind.csproj", "{DAA54B80-66BA-4DE3-B311-60B469B3EF18}"
EndProject
Project("{FAE04EC0-301F-11D3-BF4B-00C04F79EFBC}") = "FactoryPattern", "FactoryPattern\FactoryPattern.csproj", "{A18B21BC-670C-47BB-8D67-920D718AB163}"
EndProject
Project("{FAE04EC0-301F-11D3-BF4B-00C04F79EFBC}") = "Delegate_Test", "Delegate_Test\Delegate_Test.csproj", "{35240634-06D6-4062-BC92-BC54CC32FB69}"
EndProject
Project("{FAE04EC0-301F-11D3-BF4B-00C04F79EFBC}") = "DecoratorPattern", "DecoratorPattern\DecoratorPattern.csproj", "{E15D30D7-D406-45A0-B751-D868FDB02789}"
EndProject
Project("{FAE04EC0-301F-11D3-BF4B-00C04F79EFBC}") = "BigDataReleaseTest", "BigDataReleaseTest\BigDataReleaseTest.csproj", "{47DF62B8-985B-421A-A32B-14DF5A6ACB5D}"
EndProject
Project("{FAE04EC0-301F-11D3-BF4B-00C04F79EFBC}") = "RecursiveTest", "RecursiveTest\RecursiveTest.csproj", "{CB63CF23-33A5-4B1A-AE7D-D93B48F2FE86}"
EndProject
Project("{FAE04EC0-301F-11D3-BF4B-00C04F79EFBC}") = "DataGrid_DataBase", "DataGrid_DataBase\DataGrid_DataBase.csproj", "{768E5C61-4E93-4D04-A156-2D93B5EA1A72}"
EndProject
Global
	GlobalSection(SolutionConfigurationPlatforms) = preSolution
		Debug|Any CPU = Debug|Any CPU
		Debug|x64 = Debug|x64
		Debug|x86 = Debug|x86
		Release|Any CPU = Release|Any CPU
		Release|x64 = Release|x64
		Release|x86 = Release|x86
	EndGlobalSection
	GlobalSection(ProjectConfigurationPlatforms) = postSolution
		{E01D6172-1694-4DA4-8222-F684E1D7226C}.Debug|Any CPU.ActiveCfg = Debug|Win32
		{E01D6172-1694-4DA4-8222-F684E1D7226C}.Debug|x64.ActiveCfg = Debug|x64
		{E01D6172-1694-4DA4-8222-F684E1D7226C}.Debug|x64.Build.0 = Debug|x64
		{E01D6172-1694-4DA4-8222-F684E1D7226C}.Debug|x86.ActiveCfg = Debug|Win32
		{E01D6172-1694-4DA4-8222-F684E1D7226C}.Debug|x86.Build.0 = Debug|Win32
		{E01D6172-1694-4DA4-8222-F684E1D7226C}.Release|Any CPU.ActiveCfg = Release|Win32
		{E01D6172-1694-4DA4-8222-F684E1D7226C}.Release|x64.ActiveCfg = Release|x64
		{E01D6172-1694-4DA4-8222-F684E1D7226C}.Release|x64.Build.0 = Release|x64
		{E01D6172-1694-4DA4-8222-F684E1D7226C}.Release|x86.ActiveCfg = Release|Win32
		{E01D6172-1694-4DA4-8222-F684E1D7226C}.Release|x86.Build.0 = Release|Win32
		{048F06BB-0CFD-4FC8-AD45-345B070A7E3D}.Debug|Any CPU.ActiveCfg = Debug|Win32
		{048F06BB-0CFD-4FC8-AD45-345B070A7E3D}.Debug|x64.ActiveCfg = Debug|x64
		{048F06BB-0CFD-4FC8-AD45-345B070A7E3D}.Debug|x64.Build.0 = Debug|x64
		{048F06BB-0CFD-4FC8-AD45-345B070A7E3D}.Debug|x86.ActiveCfg = Debug|Win32
		{048F06BB-0CFD-4FC8-AD45-345B070A7E3D}.Debug|x86.Build.0 = Debug|Win32
		{048F06BB-0CFD-4FC8-AD45-345B070A7E3D}.Release|Any CPU.ActiveCfg = Release|Win32
		{048F06BB-0CFD-4FC8-AD45-345B070A7E3D}.Release|x64.ActiveCfg = Release|x64
		{048F06BB-0CFD-4FC8-AD45-345B070A7E3D}.Release|x64.Build.0 = Release|x64
		{048F06BB-0CFD-4FC8-AD45-345B070A7E3D}.Release|x86.ActiveCfg = Release|Win32
		{048F06BB-0CFD-4FC8-AD45-345B070A7E3D}.Release|x86.Build.0 = Release|Win32
		{B5377602-2519-40FD-80FC-B09828FD256E}.Debug|Any CPU.ActiveCfg = Debug|Win32
		{B5377602-2519-40FD-80FC-B09828FD256E}.Debug|x64.ActiveCfg = Debug|x64
		{B5377602-2519-40FD-80FC-B09828FD256E}.Debug|x64.Build.0 = Debug|x64
		{B5377602-2519-40FD-80FC-B09828FD256E}.Debug|x86.ActiveCfg = Debug|Win32
		{B5377602-2519-40FD-80FC-B09828FD256E}.Debug|x86.Build.0 = Debug|Win32
		{B5377602-2519-40FD-80FC-B09828FD256E}.Release|Any CPU.ActiveCfg = Release|Win32
		{B5377602-2519-40FD-80FC-B09828FD256E}.Release|x64.ActiveCfg = Release|x64
		{B5377602-2519-40FD-80FC-B09828FD256E}.Release|x64.Build.0 = Release|x64
		{B5377602-2519-40FD-80FC-B09828FD256E}.Release|x86.ActiveCfg = Release|Win32
		{B5377602-2519-40FD-80FC-B09828FD256E}.Release|x86.Build.0 = Release|Win32
		{F4436677-B137-479F-BF55-4E214CEA615A}.Debug|Any CPU.ActiveCfg = Debug|Any CPU
		{F4436677-B137-479F-BF55-4E214CEA615A}.Debug|Any CPU.Build.0 = Debug|Any CPU
		{F4436677-B137-479F-BF55-4E214CEA615A}.Debug|x64.ActiveCfg = Debug|Any CPU
		{F4436677-B137-479F-BF55-4E214CEA615A}.Debug|x64.Build.0 = Debug|Any CPU
		{F4436677-B137-479F-BF55-4E214CEA615A}.Debug|x86.ActiveCfg = Debug|Any CPU
		{F4436677-B137-479F-BF55-4E214CEA615A}.Debug|x86.Build.0 = Debug|Any CPU
		{F4436677-B137-479F-BF55-4E214CEA615A}.Release|Any CPU.ActiveCfg = Release|Any CPU
		{F4436677-B137-479F-BF55-4E214CEA615A}.Release|Any CPU.Build.0 = Release|Any CPU
		{F4436677-B137-479F-BF55-4E214CEA615A}.Release|x64.ActiveCfg = Release|Any CPU
		{F4436677-B137-479F-BF55-4E214CEA615A}.Release|x64.Build.0 = Release|Any CPU
		{F4436677-B137-479F-BF55-4E214CEA615A}.Release|x86.ActiveCfg = Release|Any CPU
		{F4436677-B137-479F-BF55-4E214CEA615A}.Release|x86.Build.0 = Release|Any CPU
		{673EF260-D540-4445-84EB-B00CE8CCCA8B}.Debug|Any CPU.ActiveCfg = Debug|Any CPU
		{673EF260-D540-4445-84EB-B00CE8CCCA8B}.Debug|Any CPU.Build.0 = Debug|Any CPU
		{673EF260-D540-4445-84EB-B00CE8CCCA8B}.Debug|x64.ActiveCfg = Debug|Any CPU
		{673EF260-D540-4445-84EB-B00CE8CCCA8B}.Debug|x64.Build.0 = Debug|Any CPU
		{673EF260-D540-4445-84EB-B00CE8CCCA8B}.Debug|x86.ActiveCfg = Debug|Any CPU
		{673EF260-D540-4445-84EB-B00CE8CCCA8B}.Debug|x86.Build.0 = Debug|Any CPU
		{673EF260-D540-4445-84EB-B00CE8CCCA8B}.Release|Any CPU.ActiveCfg = Release|Any CPU
		{673EF260-D540-4445-84EB-B00CE8CCCA8B}.Release|Any CPU.Build.0 = Release|Any CPU
		{673EF260-D540-4445-84EB-B00CE8CCCA8B}.Release|x64.ActiveCfg = Release|Any CPU
		{673EF260-D540-4445-84EB-B00CE8CCCA8B}.Release|x64.Build.0 = Release|Any CPU
		{673EF260-D540-4445-84EB-B00CE8CCCA8B}.Release|x86.ActiveCfg = Release|Any CPU
		{673EF260-D540-4445-84EB-B00CE8CCCA8B}.Release|x86.Build.0 = Release|Any CPU
		{7F2ACE1B-B58D-4223-94C4-3B1AEC96F794}.Debug|Any CPU.ActiveCfg = Debug|Any CPU
		{7F2ACE1B-B58D-4223-94C4-3B1AEC96F794}.Debug|Any CPU.Build.0 = Debug|Any CPU
		{7F2ACE1B-B58D-4223-94C4-3B1AEC96F794}.Debug|x64.ActiveCfg = Debug|Any CPU
		{7F2ACE1B-B58D-4223-94C4-3B1AEC96F794}.Debug|x64.Build.0 = Debug|Any CPU
		{7F2ACE1B-B58D-4223-94C4-3B1AEC96F794}.Debug|x86.ActiveCfg = Debug|Any CPU
		{7F2ACE1B-B58D-4223-94C4-3B1AEC96F794}.Debug|x86.Build.0 = Debug|Any CPU
		{7F2ACE1B-B58D-4223-94C4-3B1AEC96F794}.Release|Any CPU.ActiveCfg = Release|Any CPU
		{7F2ACE1B-B58D-4223-94C4-3B1AEC96F794}.Release|Any CPU.Build.0 = Release|Any CPU
		{7F2ACE1B-B58D-4223-94C4-3B1AEC96F794}.Release|x64.ActiveCfg = Release|Any CPU
		{7F2ACE1B-B58D-4223-94C4-3B1AEC96F794}.Release|x64.Build.0 = Release|Any CPU
		{7F2ACE1B-B58D-4223-94C4-3B1AEC96F794}.Release|x86.ActiveCfg = Release|Any CPU
		{7F2ACE1B-B58D-4223-94C4-3B1AEC96F794}.Release|x86.Build.0 = Release|Any CPU
		{9DC21A5F-2F7E-474B-9999-C4E299CB4BA7}.Debug|Any CPU.ActiveCfg = Debug|Any CPU
		{9DC21A5F-2F7E-474B-9999-C4E299CB4BA7}.Debug|Any CPU.Build.0 = Debug|Any CPU
		{9DC21A5F-2F7E-474B-9999-C4E299CB4BA7}.Debug|x64.ActiveCfg = Debug|Any CPU
		{9DC21A5F-2F7E-474B-9999-C4E299CB4BA7}.Debug|x64.Build.0 = Debug|Any CPU
		{9DC21A5F-2F7E-474B-9999-C4E299CB4BA7}.Debug|x86.ActiveCfg = Debug|Any CPU
		{9DC21A5F-2F7E-474B-9999-C4E299CB4BA7}.Debug|x86.Build.0 = Debug|Any CPU
		{9DC21A5F-2F7E-474B-9999-C4E299CB4BA7}.Release|Any CPU.ActiveCfg = Release|Any CPU
		{9DC21A5F-2F7E-474B-9999-C4E299CB4BA7}.Release|Any CPU.Build.0 = Release|Any CPU
		{9DC21A5F-2F7E-474B-9999-C4E299CB4BA7}.Release|x64.ActiveCfg = Release|Any CPU
		{9DC21A5F-2F7E-474B-9999-C4E299CB4BA7}.Release|x64.Build.0 = Release|Any CPU
		{9DC21A5F-2F7E-474B-9999-C4E299CB4BA7}.Release|x86.ActiveCfg = Release|Any CPU
		{9DC21A5F-2F7E-474B-9999-C4E299CB4BA7}.Release|x86.Build.0 = Release|Any CPU
		{7C7AA1D7-23DA-4496-870E-A37B822900A0}.Debug|Any CPU.ActiveCfg = Debug|Any CPU
		{7C7AA1D7-23DA-4496-870E-A37B822900A0}.Debug|Any CPU.Build.0 = Debug|Any CPU
		{7C7AA1D7-23DA-4496-870E-A37B822900A0}.Debug|x64.ActiveCfg = Debug|Any CPU
		{7C7AA1D7-23DA-4496-870E-A37B822900A0}.Debug|x64.Build.0 = Debug|Any CPU
		{7C7AA1D7-23DA-4496-870E-A37B822900A0}.Debug|x86.ActiveCfg = Debug|Any CPU
		{7C7AA1D7-23DA-4496-870E-A37B822900A0}.Debug|x86.Build.0 = Debug|Any CPU
		{7C7AA1D7-23DA-4496-870E-A37B822900A0}.Release|Any CPU.ActiveCfg = Release|Any CPU
		{7C7AA1D7-23DA-4496-870E-A37B822900A0}.Release|Any CPU.Build.0 = Release|Any CPU
		{7C7AA1D7-23DA-4496-870E-A37B822900A0}.Release|x64.ActiveCfg = Release|Any CPU
		{7C7AA1D7-23DA-4496-870E-A37B822900A0}.Release|x64.Build.0 = Release|Any CPU
		{7C7AA1D7-23DA-4496-870E-A37B822900A0}.Release|x86.ActiveCfg = Release|Any CPU
		{7C7AA1D7-23DA-4496-870E-A37B822900A0}.Release|x86.Build.0 = Release|Any CPU
		{B69EC56C-104D-49A4-B53F-E32EB27F9FF3}.Debug|Any CPU.ActiveCfg = Debug|Any CPU
		{B69EC56C-104D-49A4-B53F-E32EB27F9FF3}.Debug|Any CPU.Build.0 = Debug|Any CPU
		{B69EC56C-104D-49A4-B53F-E32EB27F9FF3}.Debug|x64.ActiveCfg = Debug|Any CPU
		{B69EC56C-104D-49A4-B53F-E32EB27F9FF3}.Debug|x64.Build.0 = Debug|Any CPU
		{B69EC56C-104D-49A4-B53F-E32EB27F9FF3}.Debug|x86.ActiveCfg = Debug|Any CPU
		{B69EC56C-104D-49A4-B53F-E32EB27F9FF3}.Debug|x86.Build.0 = Debug|Any CPU
		{B69EC56C-104D-49A4-B53F-E32EB27F9FF3}.Release|Any CPU.ActiveCfg = Release|Any CPU
		{B69EC56C-104D-49A4-B53F-E32EB27F9FF3}.Release|Any CPU.Build.0 = Release|Any CPU
		{B69EC56C-104D-49A4-B53F-E32EB27F9FF3}.Release|x64.ActiveCfg = Release|Any CPU
		{B69EC56C-104D-49A4-B53F-E32EB27F9FF3}.Release|x64.Build.0 = Release|Any CPU
		{B69EC56C-104D-49A4-B53F-E32EB27F9FF3}.Release|x86.ActiveCfg = Release|Any CPU
		{B69EC56C-104D-49A4-B53F-E32EB27F9FF3}.Release|x86.Build.0 = Release|Any CPU
		{0FA268C6-304E-458E-B1B6-460F9DB51B75}.Debug|Any CPU.ActiveCfg = Debug|Any CPU
		{0FA268C6-304E-458E-B1B6-460F9DB51B75}.Debug|Any CPU.Build.0 = Debug|Any CPU
		{0FA268C6-304E-458E-B1B6-460F9DB51B75}.Debug|x64.ActiveCfg = Debug|Any CPU
		{0FA268C6-304E-458E-B1B6-460F9DB51B75}.Debug|x64.Build.0 = Debug|Any CPU
		{0FA268C6-304E-458E-B1B6-460F9DB51B75}.Debug|x86.ActiveCfg = Debug|Any CPU
		{0FA268C6-304E-458E-B1B6-460F9DB51B75}.Debug|x86.Build.0 = Debug|Any CPU
		{0FA268C6-304E-458E-B1B6-460F9DB51B75}.Release|Any CPU.ActiveCfg = Release|Any CPU
		{0FA268C6-304E-458E-B1B6-460F9DB51B75}.Release|Any CPU.Build.0 = Release|Any CPU
		{0FA268C6-304E-458E-B1B6-460F9DB51B75}.Release|x64.ActiveCfg = Release|Any CPU
		{0FA268C6-304E-458E-B1B6-460F9DB51B75}.Release|x64.Build.0 = Release|Any CPU
		{0FA268C6-304E-458E-B1B6-460F9DB51B75}.Release|x86.ActiveCfg = Release|Any CPU
		{0FA268C6-304E-458E-B1B6-460F9DB51B75}.Release|x86.Build.0 = Release|Any CPU
		{60EF434E-6A99-4D26-B4E2-7EFF7FA9960D}.Debug|Any CPU.ActiveCfg = Debug|Any CPU
		{60EF434E-6A99-4D26-B4E2-7EFF7FA9960D}.Debug|Any CPU.Build.0 = Debug|Any CPU
		{60EF434E-6A99-4D26-B4E2-7EFF7FA9960D}.Debug|x64.ActiveCfg = Debug|Any CPU
		{60EF434E-6A99-4D26-B4E2-7EFF7FA9960D}.Debug|x64.Build.0 = Debug|Any CPU
		{60EF434E-6A99-4D26-B4E2-7EFF7FA9960D}.Debug|x86.ActiveCfg = Debug|Any CPU
		{60EF434E-6A99-4D26-B4E2-7EFF7FA9960D}.Debug|x86.Build.0 = Debug|Any CPU
		{60EF434E-6A99-4D26-B4E2-7EFF7FA9960D}.Release|Any CPU.ActiveCfg = Release|Any CPU
		{60EF434E-6A99-4D26-B4E2-7EFF7FA9960D}.Release|Any CPU.Build.0 = Release|Any CPU
		{60EF434E-6A99-4D26-B4E2-7EFF7FA9960D}.Release|x64.ActiveCfg = Release|Any CPU
		{60EF434E-6A99-4D26-B4E2-7EFF7FA9960D}.Release|x64.Build.0 = Release|Any CPU
		{60EF434E-6A99-4D26-B4E2-7EFF7FA9960D}.Release|x86.ActiveCfg = Release|Any CPU
		{60EF434E-6A99-4D26-B4E2-7EFF7FA9960D}.Release|x86.Build.0 = Release|Any CPU
		{1E26E2D0-D9EA-4237-B91D-F8522BF77EE3}.Debug|Any CPU.ActiveCfg = Debug|Any CPU
		{1E26E2D0-D9EA-4237-B91D-F8522BF77EE3}.Debug|Any CPU.Build.0 = Debug|Any CPU
		{1E26E2D0-D9EA-4237-B91D-F8522BF77EE3}.Debug|x64.ActiveCfg = Debug|Any CPU
		{1E26E2D0-D9EA-4237-B91D-F8522BF77EE3}.Debug|x64.Build.0 = Debug|Any CPU
		{1E26E2D0-D9EA-4237-B91D-F8522BF77EE3}.Debug|x86.ActiveCfg = Debug|Any CPU
		{1E26E2D0-D9EA-4237-B91D-F8522BF77EE3}.Debug|x86.Build.0 = Debug|Any CPU
		{1E26E2D0-D9EA-4237-B91D-F8522BF77EE3}.Release|Any CPU.ActiveCfg = Release|Any CPU
		{1E26E2D0-D9EA-4237-B91D-F8522BF77EE3}.Release|Any CPU.Build.0 = Release|Any CPU
		{1E26E2D0-D9EA-4237-B91D-F8522BF77EE3}.Release|x64.ActiveCfg = Release|Any CPU
		{1E26E2D0-D9EA-4237-B91D-F8522BF77EE3}.Release|x64.Build.0 = Release|Any CPU
		{1E26E2D0-D9EA-4237-B91D-F8522BF77EE3}.Release|x86.ActiveCfg = Release|Any CPU
		{1E26E2D0-D9EA-4237-B91D-F8522BF77EE3}.Release|x86.Build.0 = Release|Any CPU
		{6E00B9CF-391D-4E00-9C36-B21E19CAA1B5}.Debug|Any CPU.ActiveCfg = Debug|Any CPU
		{6E00B9CF-391D-4E00-9C36-B21E19CAA1B5}.Debug|Any CPU.Build.0 = Debug|Any CPU
		{6E00B9CF-391D-4E00-9C36-B21E19CAA1B5}.Debug|x64.ActiveCfg = Debug|Any CPU
		{6E00B9CF-391D-4E00-9C36-B21E19CAA1B5}.Debug|x64.Build.0 = Debug|Any CPU
		{6E00B9CF-391D-4E00-9C36-B21E19CAA1B5}.Debug|x86.ActiveCfg = Debug|Any CPU
		{6E00B9CF-391D-4E00-9C36-B21E19CAA1B5}.Debug|x86.Build.0 = Debug|Any CPU
		{6E00B9CF-391D-4E00-9C36-B21E19CAA1B5}.Release|Any CPU.ActiveCfg = Release|Any CPU
		{6E00B9CF-391D-4E00-9C36-B21E19CAA1B5}.Release|Any CPU.Build.0 = Release|Any CPU
		{6E00B9CF-391D-4E00-9C36-B21E19CAA1B5}.Release|x64.ActiveCfg = Release|Any CPU
		{6E00B9CF-391D-4E00-9C36-B21E19CAA1B5}.Release|x64.Build.0 = Release|Any CPU
		{6E00B9CF-391D-4E00-9C36-B21E19CAA1B5}.Release|x86.ActiveCfg = Release|Any CPU
		{6E00B9CF-391D-4E00-9C36-B21E19CAA1B5}.Release|x86.Build.0 = Release|Any CPU
		{16F2529C-2C8A-4F8E-B338-A3D1F79A44D2}.Debug|Any CPU.ActiveCfg = Debug|Any CPU
		{16F2529C-2C8A-4F8E-B338-A3D1F79A44D2}.Debug|Any CPU.Build.0 = Debug|Any CPU
		{16F2529C-2C8A-4F8E-B338-A3D1F79A44D2}.Debug|x64.ActiveCfg = Debug|Any CPU
		{16F2529C-2C8A-4F8E-B338-A3D1F79A44D2}.Debug|x64.Build.0 = Debug|Any CPU
		{16F2529C-2C8A-4F8E-B338-A3D1F79A44D2}.Debug|x86.ActiveCfg = Debug|Any CPU
		{16F2529C-2C8A-4F8E-B338-A3D1F79A44D2}.Debug|x86.Build.0 = Debug|Any CPU
		{16F2529C-2C8A-4F8E-B338-A3D1F79A44D2}.Release|Any CPU.ActiveCfg = Release|Any CPU
		{16F2529C-2C8A-4F8E-B338-A3D1F79A44D2}.Release|Any CPU.Build.0 = Release|Any CPU
		{16F2529C-2C8A-4F8E-B338-A3D1F79A44D2}.Release|x64.ActiveCfg = Release|Any CPU
		{16F2529C-2C8A-4F8E-B338-A3D1F79A44D2}.Release|x64.Build.0 = Release|Any CPU
		{16F2529C-2C8A-4F8E-B338-A3D1F79A44D2}.Release|x86.ActiveCfg = Release|Any CPU
		{16F2529C-2C8A-4F8E-B338-A3D1F79A44D2}.Release|x86.Build.0 = Release|Any CPU
		{753808E7-46A9-4F93-A711-66B05D804DFF}.Debug|Any CPU.ActiveCfg = Debug|Any CPU
		{753808E7-46A9-4F93-A711-66B05D804DFF}.Debug|Any CPU.Build.0 = Debug|Any CPU
		{753808E7-46A9-4F93-A711-66B05D804DFF}.Debug|x64.ActiveCfg = Debug|Any CPU
		{753808E7-46A9-4F93-A711-66B05D804DFF}.Debug|x64.Build.0 = Debug|Any CPU
		{753808E7-46A9-4F93-A711-66B05D804DFF}.Debug|x86.ActiveCfg = Debug|Any CPU
		{753808E7-46A9-4F93-A711-66B05D804DFF}.Debug|x86.Build.0 = Debug|Any CPU
		{753808E7-46A9-4F93-A711-66B05D804DFF}.Release|Any CPU.ActiveCfg = Release|Any CPU
		{753808E7-46A9-4F93-A711-66B05D804DFF}.Release|Any CPU.Build.0 = Release|Any CPU
		{753808E7-46A9-4F93-A711-66B05D804DFF}.Release|x64.ActiveCfg = Release|Any CPU
		{753808E7-46A9-4F93-A711-66B05D804DFF}.Release|x64.Build.0 = Release|Any CPU
		{753808E7-46A9-4F93-A711-66B05D804DFF}.Release|x86.ActiveCfg = Release|Any CPU
		{753808E7-46A9-4F93-A711-66B05D804DFF}.Release|x86.Build.0 = Release|Any CPU
		{E78A7742-4DB1-4835-BDF6-81082575F13E}.Debug|Any CPU.ActiveCfg = Debug|Any CPU
		{E78A7742-4DB1-4835-BDF6-81082575F13E}.Debug|Any CPU.Build.0 = Debug|Any CPU
		{E78A7742-4DB1-4835-BDF6-81082575F13E}.Debug|x64.ActiveCfg = Debug|Any CPU
		{E78A7742-4DB1-4835-BDF6-81082575F13E}.Debug|x64.Build.0 = Debug|Any CPU
		{E78A7742-4DB1-4835-BDF6-81082575F13E}.Debug|x86.ActiveCfg = Debug|Any CPU
		{E78A7742-4DB1-4835-BDF6-81082575F13E}.Debug|x86.Build.0 = Debug|Any CPU
		{E78A7742-4DB1-4835-BDF6-81082575F13E}.Release|Any CPU.ActiveCfg = Release|Any CPU
		{E78A7742-4DB1-4835-BDF6-81082575F13E}.Release|Any CPU.Build.0 = Release|Any CPU
		{E78A7742-4DB1-4835-BDF6-81082575F13E}.Release|x64.ActiveCfg = Release|Any CPU
		{E78A7742-4DB1-4835-BDF6-81082575F13E}.Release|x64.Build.0 = Release|Any CPU
		{E78A7742-4DB1-4835-BDF6-81082575F13E}.Release|x86.ActiveCfg = Release|Any CPU
		{E78A7742-4DB1-4835-BDF6-81082575F13E}.Release|x86.Build.0 = Release|Any CPU
		{8FA68D7B-F926-4D55-8487-429F2096D3D7}.Debug|Any CPU.ActiveCfg = Debug|Any CPU
		{8FA68D7B-F926-4D55-8487-429F2096D3D7}.Debug|Any CPU.Build.0 = Debug|Any CPU
		{8FA68D7B-F926-4D55-8487-429F2096D3D7}.Debug|x64.ActiveCfg = Debug|Any CPU
		{8FA68D7B-F926-4D55-8487-429F2096D3D7}.Debug|x64.Build.0 = Debug|Any CPU
		{8FA68D7B-F926-4D55-8487-429F2096D3D7}.Debug|x86.ActiveCfg = Debug|Any CPU
		{8FA68D7B-F926-4D55-8487-429F2096D3D7}.Debug|x86.Build.0 = Debug|Any CPU
		{8FA68D7B-F926-4D55-8487-429F2096D3D7}.Release|Any CPU.ActiveCfg = Release|Any CPU
		{8FA68D7B-F926-4D55-8487-429F2096D3D7}.Release|Any CPU.Build.0 = Release|Any CPU
		{8FA68D7B-F926-4D55-8487-429F2096D3D7}.Release|x64.ActiveCfg = Release|Any CPU
		{8FA68D7B-F926-4D55-8487-429F2096D3D7}.Release|x64.Build.0 = Release|Any CPU
		{8FA68D7B-F926-4D55-8487-429F2096D3D7}.Release|x86.ActiveCfg = Release|Any CPU
		{8FA68D7B-F926-4D55-8487-429F2096D3D7}.Release|x86.Build.0 = Release|Any CPU
		{089901DD-0EBF-48AC-83AB-D3D5331C1768}.Debug|Any CPU.ActiveCfg = Debug|Any CPU
		{089901DD-0EBF-48AC-83AB-D3D5331C1768}.Debug|Any CPU.Build.0 = Debug|Any CPU
		{089901DD-0EBF-48AC-83AB-D3D5331C1768}.Debug|x64.ActiveCfg = Debug|Any CPU
		{089901DD-0EBF-48AC-83AB-D3D5331C1768}.Debug|x64.Build.0 = Debug|Any CPU
		{089901DD-0EBF-48AC-83AB-D3D5331C1768}.Debug|x86.ActiveCfg = Debug|Any CPU
		{089901DD-0EBF-48AC-83AB-D3D5331C1768}.Debug|x86.Build.0 = Debug|Any CPU
		{089901DD-0EBF-48AC-83AB-D3D5331C1768}.Release|Any CPU.ActiveCfg = Release|Any CPU
		{089901DD-0EBF-48AC-83AB-D3D5331C1768}.Release|Any CPU.Build.0 = Release|Any CPU
		{089901DD-0EBF-48AC-83AB-D3D5331C1768}.Release|x64.ActiveCfg = Release|Any CPU
		{089901DD-0EBF-48AC-83AB-D3D5331C1768}.Release|x64.Build.0 = Release|Any CPU
		{089901DD-0EBF-48AC-83AB-D3D5331C1768}.Release|x86.ActiveCfg = Release|Any CPU
		{089901DD-0EBF-48AC-83AB-D3D5331C1768}.Release|x86.Build.0 = Release|Any CPU
		{E3AB85E8-0BEA-4B7A-8B35-AB7636D1B8F6}.Debug|Any CPU.ActiveCfg = Debug|Any CPU
		{E3AB85E8-0BEA-4B7A-8B35-AB7636D1B8F6}.Debug|Any CPU.Build.0 = Debug|Any CPU
		{E3AB85E8-0BEA-4B7A-8B35-AB7636D1B8F6}.Debug|x64.ActiveCfg = Debug|Any CPU
		{E3AB85E8-0BEA-4B7A-8B35-AB7636D1B8F6}.Debug|x64.Build.0 = Debug|Any CPU
		{E3AB85E8-0BEA-4B7A-8B35-AB7636D1B8F6}.Debug|x86.ActiveCfg = Debug|Any CPU
		{E3AB85E8-0BEA-4B7A-8B35-AB7636D1B8F6}.Debug|x86.Build.0 = Debug|Any CPU
		{E3AB85E8-0BEA-4B7A-8B35-AB7636D1B8F6}.Release|Any CPU.ActiveCfg = Release|Any CPU
		{E3AB85E8-0BEA-4B7A-8B35-AB7636D1B8F6}.Release|Any CPU.Build.0 = Release|Any CPU
		{E3AB85E8-0BEA-4B7A-8B35-AB7636D1B8F6}.Release|x64.ActiveCfg = Release|Any CPU
		{E3AB85E8-0BEA-4B7A-8B35-AB7636D1B8F6}.Release|x64.Build.0 = Release|Any CPU
		{E3AB85E8-0BEA-4B7A-8B35-AB7636D1B8F6}.Release|x86.ActiveCfg = Release|Any CPU
		{E3AB85E8-0BEA-4B7A-8B35-AB7636D1B8F6}.Release|x86.Build.0 = Release|Any CPU
		{CDFFE8C4-DC48-456E-ABD7-6B063CC20725}.Debug|Any CPU.ActiveCfg = Debug|Any CPU
		{CDFFE8C4-DC48-456E-ABD7-6B063CC20725}.Debug|Any CPU.Build.0 = Debug|Any CPU
		{CDFFE8C4-DC48-456E-ABD7-6B063CC20725}.Debug|x64.ActiveCfg = Debug|Any CPU
		{CDFFE8C4-DC48-456E-ABD7-6B063CC20725}.Debug|x64.Build.0 = Debug|Any CPU
		{CDFFE8C4-DC48-456E-ABD7-6B063CC20725}.Debug|x86.ActiveCfg = Debug|Any CPU
		{CDFFE8C4-DC48-456E-ABD7-6B063CC20725}.Debug|x86.Build.0 = Debug|Any CPU
		{CDFFE8C4-DC48-456E-ABD7-6B063CC20725}.Release|Any CPU.ActiveCfg = Release|Any CPU
		{CDFFE8C4-DC48-456E-ABD7-6B063CC20725}.Release|Any CPU.Build.0 = Release|Any CPU
		{CDFFE8C4-DC48-456E-ABD7-6B063CC20725}.Release|x64.ActiveCfg = Release|Any CPU
		{CDFFE8C4-DC48-456E-ABD7-6B063CC20725}.Release|x64.Build.0 = Release|Any CPU
		{CDFFE8C4-DC48-456E-ABD7-6B063CC20725}.Release|x86.ActiveCfg = Release|Any CPU
		{CDFFE8C4-DC48-456E-ABD7-6B063CC20725}.Release|x86.Build.0 = Release|Any CPU
		{009AB20F-E46A-4F9D-B4BE-FBFB29057CA1}.Debug|Any CPU.ActiveCfg = Debug|Any CPU
		{009AB20F-E46A-4F9D-B4BE-FBFB29057CA1}.Debug|Any CPU.Build.0 = Debug|Any CPU
		{009AB20F-E46A-4F9D-B4BE-FBFB29057CA1}.Debug|x64.ActiveCfg = Debug|Any CPU
		{009AB20F-E46A-4F9D-B4BE-FBFB29057CA1}.Debug|x64.Build.0 = Debug|Any CPU
		{009AB20F-E46A-4F9D-B4BE-FBFB29057CA1}.Debug|x86.ActiveCfg = Debug|Any CPU
		{009AB20F-E46A-4F9D-B4BE-FBFB29057CA1}.Debug|x86.Build.0 = Debug|Any CPU
		{009AB20F-E46A-4F9D-B4BE-FBFB29057CA1}.Release|Any CPU.ActiveCfg = Release|Any CPU
		{009AB20F-E46A-4F9D-B4BE-FBFB29057CA1}.Release|Any CPU.Build.0 = Release|Any CPU
		{009AB20F-E46A-4F9D-B4BE-FBFB29057CA1}.Release|x64.ActiveCfg = Release|Any CPU
		{009AB20F-E46A-4F9D-B4BE-FBFB29057CA1}.Release|x64.Build.0 = Release|Any CPU
		{009AB20F-E46A-4F9D-B4BE-FBFB29057CA1}.Release|x86.ActiveCfg = Release|Any CPU
		{009AB20F-E46A-4F9D-B4BE-FBFB29057CA1}.Release|x86.Build.0 = Release|Any CPU
		{188B51EF-5EDF-4F6B-B84F-622222A37921}.Debug|Any CPU.ActiveCfg = Debug|Any CPU
		{188B51EF-5EDF-4F6B-B84F-622222A37921}.Debug|Any CPU.Build.0 = Debug|Any CPU
		{188B51EF-5EDF-4F6B-B84F-622222A37921}.Debug|x64.ActiveCfg = Debug|Any CPU
		{188B51EF-5EDF-4F6B-B84F-622222A37921}.Debug|x64.Build.0 = Debug|Any CPU
		{188B51EF-5EDF-4F6B-B84F-622222A37921}.Debug|x86.ActiveCfg = Debug|Any CPU
		{188B51EF-5EDF-4F6B-B84F-622222A37921}.Debug|x86.Build.0 = Debug|Any CPU
		{188B51EF-5EDF-4F6B-B84F-622222A37921}.Release|Any CPU.ActiveCfg = Release|Any CPU
		{188B51EF-5EDF-4F6B-B84F-622222A37921}.Release|Any CPU.Build.0 = Release|Any CPU
		{188B51EF-5EDF-4F6B-B84F-622222A37921}.Release|x64.ActiveCfg = Release|Any CPU
		{188B51EF-5EDF-4F6B-B84F-622222A37921}.Release|x64.Build.0 = Release|Any CPU
		{188B51EF-5EDF-4F6B-B84F-622222A37921}.Release|x86.ActiveCfg = Release|Any CPU
		{188B51EF-5EDF-4F6B-B84F-622222A37921}.Release|x86.Build.0 = Release|Any CPU
		{3899A984-C843-47E9-89DB-605756F4C46E}.Debug|Any CPU.ActiveCfg = Debug|Win32
		{3899A984-C843-47E9-89DB-605756F4C46E}.Debug|x64.ActiveCfg = Debug|x64
		{3899A984-C843-47E9-89DB-605756F4C46E}.Debug|x64.Build.0 = Debug|x64
		{3899A984-C843-47E9-89DB-605756F4C46E}.Debug|x86.ActiveCfg = Debug|Win32
		{3899A984-C843-47E9-89DB-605756F4C46E}.Debug|x86.Build.0 = Debug|Win32
		{3899A984-C843-47E9-89DB-605756F4C46E}.Release|Any CPU.ActiveCfg = Release|Win32
		{3899A984-C843-47E9-89DB-605756F4C46E}.Release|x64.ActiveCfg = Release|x64
		{3899A984-C843-47E9-89DB-605756F4C46E}.Release|x64.Build.0 = Release|x64
		{3899A984-C843-47E9-89DB-605756F4C46E}.Release|x86.ActiveCfg = Release|Win32
		{3899A984-C843-47E9-89DB-605756F4C46E}.Release|x86.Build.0 = Release|Win32
		{510E0736-63CE-492C-95D6-B03B3B01DA2F}.Debug|Any CPU.ActiveCfg = Debug|Win32
		{510E0736-63CE-492C-95D6-B03B3B01DA2F}.Debug|x64.ActiveCfg = Debug|x64
		{510E0736-63CE-492C-95D6-B03B3B01DA2F}.Debug|x64.Build.0 = Debug|x64
		{510E0736-63CE-492C-95D6-B03B3B01DA2F}.Debug|x86.ActiveCfg = Debug|Win32
		{510E0736-63CE-492C-95D6-B03B3B01DA2F}.Debug|x86.Build.0 = Debug|Win32
		{510E0736-63CE-492C-95D6-B03B3B01DA2F}.Release|Any CPU.ActiveCfg = Release|Win32
		{510E0736-63CE-492C-95D6-B03B3B01DA2F}.Release|x64.ActiveCfg = Release|x64
		{510E0736-63CE-492C-95D6-B03B3B01DA2F}.Release|x64.Build.0 = Release|x64
		{510E0736-63CE-492C-95D6-B03B3B01DA2F}.Release|x86.ActiveCfg = Release|Win32
		{510E0736-63CE-492C-95D6-B03B3B01DA2F}.Release|x86.Build.0 = Release|Win32
		{81C4F3C3-A6E1-408F-BBCB-B6C672795F17}.Debug|Any CPU.ActiveCfg = Debug|Any CPU
		{81C4F3C3-A6E1-408F-BBCB-B6C672795F17}.Debug|Any CPU.Build.0 = Debug|Any CPU
		{81C4F3C3-A6E1-408F-BBCB-B6C672795F17}.Debug|x64.ActiveCfg = Debug|Any CPU
		{81C4F3C3-A6E1-408F-BBCB-B6C672795F17}.Debug|x64.Build.0 = Debug|Any CPU
		{81C4F3C3-A6E1-408F-BBCB-B6C672795F17}.Debug|x86.ActiveCfg = Debug|Any CPU
		{81C4F3C3-A6E1-408F-BBCB-B6C672795F17}.Debug|x86.Build.0 = Debug|Any CPU
		{81C4F3C3-A6E1-408F-BBCB-B6C672795F17}.Release|Any CPU.ActiveCfg = Release|Any CPU
		{81C4F3C3-A6E1-408F-BBCB-B6C672795F17}.Release|Any CPU.Build.0 = Release|Any CPU
		{81C4F3C3-A6E1-408F-BBCB-B6C672795F17}.Release|x64.ActiveCfg = Release|Any CPU
		{81C4F3C3-A6E1-408F-BBCB-B6C672795F17}.Release|x64.Build.0 = Release|Any CPU
		{81C4F3C3-A6E1-408F-BBCB-B6C672795F17}.Release|x86.ActiveCfg = Release|Any CPU
		{81C4F3C3-A6E1-408F-BBCB-B6C672795F17}.Release|x86.Build.0 = Release|Any CPU
		{BF6FA8F8-21DB-4F22-8373-84171D88860E}.Debug|Any CPU.ActiveCfg = Debug|Any CPU
		{BF6FA8F8-21DB-4F22-8373-84171D88860E}.Debug|Any CPU.Build.0 = Debug|Any CPU
		{BF6FA8F8-21DB-4F22-8373-84171D88860E}.Debug|x64.ActiveCfg = Debug|Any CPU
		{BF6FA8F8-21DB-4F22-8373-84171D88860E}.Debug|x64.Build.0 = Debug|Any CPU
		{BF6FA8F8-21DB-4F22-8373-84171D88860E}.Debug|x86.ActiveCfg = Debug|Any CPU
		{BF6FA8F8-21DB-4F22-8373-84171D88860E}.Debug|x86.Build.0 = Debug|Any CPU
		{BF6FA8F8-21DB-4F22-8373-84171D88860E}.Release|Any CPU.ActiveCfg = Release|Any CPU
		{BF6FA8F8-21DB-4F22-8373-84171D88860E}.Release|Any CPU.Build.0 = Release|Any CPU
		{BF6FA8F8-21DB-4F22-8373-84171D88860E}.Release|x64.ActiveCfg = Release|Any CPU
		{BF6FA8F8-21DB-4F22-8373-84171D88860E}.Release|x64.Build.0 = Release|Any CPU
		{BF6FA8F8-21DB-4F22-8373-84171D88860E}.Release|x86.ActiveCfg = Release|Any CPU
		{BF6FA8F8-21DB-4F22-8373-84171D88860E}.Release|x86.Build.0 = Release|Any CPU
		{703B0775-13D6-43D0-8705-D83149BFD3C9}.Debug|Any CPU.ActiveCfg = Debug|Any CPU
		{703B0775-13D6-43D0-8705-D83149BFD3C9}.Debug|Any CPU.Build.0 = Debug|Any CPU
		{703B0775-13D6-43D0-8705-D83149BFD3C9}.Debug|x64.ActiveCfg = Debug|Any CPU
		{703B0775-13D6-43D0-8705-D83149BFD3C9}.Debug|x64.Build.0 = Debug|Any CPU
		{703B0775-13D6-43D0-8705-D83149BFD3C9}.Debug|x86.ActiveCfg = Debug|Any CPU
		{703B0775-13D6-43D0-8705-D83149BFD3C9}.Debug|x86.Build.0 = Debug|Any CPU
		{703B0775-13D6-43D0-8705-D83149BFD3C9}.Release|Any CPU.ActiveCfg = Release|Any CPU
		{703B0775-13D6-43D0-8705-D83149BFD3C9}.Release|Any CPU.Build.0 = Release|Any CPU
		{703B0775-13D6-43D0-8705-D83149BFD3C9}.Release|x64.ActiveCfg = Release|Any CPU
		{703B0775-13D6-43D0-8705-D83149BFD3C9}.Release|x64.Build.0 = Release|Any CPU
		{703B0775-13D6-43D0-8705-D83149BFD3C9}.Release|x86.ActiveCfg = Release|Any CPU
		{703B0775-13D6-43D0-8705-D83149BFD3C9}.Release|x86.Build.0 = Release|Any CPU
		{9AD01571-8739-4097-9E86-BA1338174A6F}.Debug|Any CPU.ActiveCfg = Debug|Any CPU
		{9AD01571-8739-4097-9E86-BA1338174A6F}.Debug|Any CPU.Build.0 = Debug|Any CPU
		{9AD01571-8739-4097-9E86-BA1338174A6F}.Debug|x64.ActiveCfg = Debug|Any CPU
		{9AD01571-8739-4097-9E86-BA1338174A6F}.Debug|x64.Build.0 = Debug|Any CPU
		{9AD01571-8739-4097-9E86-BA1338174A6F}.Debug|x86.ActiveCfg = Debug|Any CPU
		{9AD01571-8739-4097-9E86-BA1338174A6F}.Debug|x86.Build.0 = Debug|Any CPU
		{9AD01571-8739-4097-9E86-BA1338174A6F}.Release|Any CPU.ActiveCfg = Release|Any CPU
		{9AD01571-8739-4097-9E86-BA1338174A6F}.Release|Any CPU.Build.0 = Release|Any CPU
		{9AD01571-8739-4097-9E86-BA1338174A6F}.Release|x64.ActiveCfg = Release|Any CPU
		{9AD01571-8739-4097-9E86-BA1338174A6F}.Release|x64.Build.0 = Release|Any CPU
		{9AD01571-8739-4097-9E86-BA1338174A6F}.Release|x86.ActiveCfg = Release|Any CPU
		{9AD01571-8739-4097-9E86-BA1338174A6F}.Release|x86.Build.0 = Release|Any CPU
		{DAA54B80-66BA-4DE3-B311-60B469B3EF18}.Debug|Any CPU.ActiveCfg = Debug|Any CPU
		{DAA54B80-66BA-4DE3-B311-60B469B3EF18}.Debug|Any CPU.Build.0 = Debug|Any CPU
		{DAA54B80-66BA-4DE3-B311-60B469B3EF18}.Debug|x64.ActiveCfg = Debug|Any CPU
		{DAA54B80-66BA-4DE3-B311-60B469B3EF18}.Debug|x64.Build.0 = Debug|Any CPU
		{DAA54B80-66BA-4DE3-B311-60B469B3EF18}.Debug|x86.ActiveCfg = Debug|Any CPU
		{DAA54B80-66BA-4DE3-B311-60B469B3EF18}.Debug|x86.Build.0 = Debug|Any CPU
		{DAA54B80-66BA-4DE3-B311-60B469B3EF18}.Release|Any CPU.ActiveCfg = Release|Any CPU
		{DAA54B80-66BA-4DE3-B311-60B469B3EF18}.Release|Any CPU.Build.0 = Release|Any CPU
		{DAA54B80-66BA-4DE3-B311-60B469B3EF18}.Release|x64.ActiveCfg = Release|Any CPU
		{DAA54B80-66BA-4DE3-B311-60B469B3EF18}.Release|x64.Build.0 = Release|Any CPU
		{DAA54B80-66BA-4DE3-B311-60B469B3EF18}.Release|x86.ActiveCfg = Release|Any CPU
		{DAA54B80-66BA-4DE3-B311-60B469B3EF18}.Release|x86.Build.0 = Release|Any CPU
		{A18B21BC-670C-47BB-8D67-920D718AB163}.Debug|Any CPU.ActiveCfg = Debug|Any CPU
		{A18B21BC-670C-47BB-8D67-920D718AB163}.Debug|Any CPU.Build.0 = Debug|Any CPU
		{A18B21BC-670C-47BB-8D67-920D718AB163}.Debug|x64.ActiveCfg = Debug|Any CPU
		{A18B21BC-670C-47BB-8D67-920D718AB163}.Debug|x64.Build.0 = Debug|Any CPU
		{A18B21BC-670C-47BB-8D67-920D718AB163}.Debug|x86.ActiveCfg = Debug|Any CPU
		{A18B21BC-670C-47BB-8D67-920D718AB163}.Debug|x86.Build.0 = Debug|Any CPU
		{A18B21BC-670C-47BB-8D67-920D718AB163}.Release|Any CPU.ActiveCfg = Release|Any CPU
		{A18B21BC-670C-47BB-8D67-920D718AB163}.Release|Any CPU.Build.0 = Release|Any CPU
		{A18B21BC-670C-47BB-8D67-920D718AB163}.Release|x64.ActiveCfg = Release|Any CPU
		{A18B21BC-670C-47BB-8D67-920D718AB163}.Release|x64.Build.0 = Release|Any CPU
		{A18B21BC-670C-47BB-8D67-920D718AB163}.Release|x86.ActiveCfg = Release|Any CPU
		{A18B21BC-670C-47BB-8D67-920D718AB163}.Release|x86.Build.0 = Release|Any CPU
		{35240634-06D6-4062-BC92-BC54CC32FB69}.Debug|Any CPU.ActiveCfg = Debug|Any CPU
		{35240634-06D6-4062-BC92-BC54CC32FB69}.Debug|Any CPU.Build.0 = Debug|Any CPU
		{35240634-06D6-4062-BC92-BC54CC32FB69}.Debug|x64.ActiveCfg = Debug|Any CPU
		{35240634-06D6-4062-BC92-BC54CC32FB69}.Debug|x64.Build.0 = Debug|Any CPU
		{35240634-06D6-4062-BC92-BC54CC32FB69}.Debug|x86.ActiveCfg = Debug|Any CPU
		{35240634-06D6-4062-BC92-BC54CC32FB69}.Debug|x86.Build.0 = Debug|Any CPU
		{35240634-06D6-4062-BC92-BC54CC32FB69}.Release|Any CPU.ActiveCfg = Release|Any CPU
		{35240634-06D6-4062-BC92-BC54CC32FB69}.Release|Any CPU.Build.0 = Release|Any CPU
		{35240634-06D6-4062-BC92-BC54CC32FB69}.Release|x64.ActiveCfg = Release|Any CPU
		{35240634-06D6-4062-BC92-BC54CC32FB69}.Release|x64.Build.0 = Release|Any CPU
		{35240634-06D6-4062-BC92-BC54CC32FB69}.Release|x86.ActiveCfg = Release|Any CPU
		{35240634-06D6-4062-BC92-BC54CC32FB69}.Release|x86.Build.0 = Release|Any CPU
		{E15D30D7-D406-45A0-B751-D868FDB02789}.Debug|Any CPU.ActiveCfg = Debug|Any CPU
		{E15D30D7-D406-45A0-B751-D868FDB02789}.Debug|Any CPU.Build.0 = Debug|Any CPU
		{E15D30D7-D406-45A0-B751-D868FDB02789}.Debug|x64.ActiveCfg = Debug|Any CPU
		{E15D30D7-D406-45A0-B751-D868FDB02789}.Debug|x64.Build.0 = Debug|Any CPU
		{E15D30D7-D406-45A0-B751-D868FDB02789}.Debug|x86.ActiveCfg = Debug|Any CPU
		{E15D30D7-D406-45A0-B751-D868FDB02789}.Debug|x86.Build.0 = Debug|Any CPU
		{E15D30D7-D406-45A0-B751-D868FDB02789}.Release|Any CPU.ActiveCfg = Release|Any CPU
		{E15D30D7-D406-45A0-B751-D868FDB02789}.Release|Any CPU.Build.0 = Release|Any CPU
		{E15D30D7-D406-45A0-B751-D868FDB02789}.Release|x64.ActiveCfg = Release|Any CPU
		{E15D30D7-D406-45A0-B751-D868FDB02789}.Release|x64.Build.0 = Release|Any CPU
		{E15D30D7-D406-45A0-B751-D868FDB02789}.Release|x86.ActiveCfg = Release|Any CPU
		{E15D30D7-D406-45A0-B751-D868FDB02789}.Release|x86.Build.0 = Release|Any CPU
		{47DF62B8-985B-421A-A32B-14DF5A6ACB5D}.Debug|Any CPU.ActiveCfg = Debug|Any CPU
		{47DF62B8-985B-421A-A32B-14DF5A6ACB5D}.Debug|Any CPU.Build.0 = Debug|Any CPU
		{47DF62B8-985B-421A-A32B-14DF5A6ACB5D}.Debug|x64.ActiveCfg = Debug|Any CPU
		{47DF62B8-985B-421A-A32B-14DF5A6ACB5D}.Debug|x64.Build.0 = Debug|Any CPU
		{47DF62B8-985B-421A-A32B-14DF5A6ACB5D}.Debug|x86.ActiveCfg = Debug|Any CPU
		{47DF62B8-985B-421A-A32B-14DF5A6ACB5D}.Debug|x86.Build.0 = Debug|Any CPU
		{47DF62B8-985B-421A-A32B-14DF5A6ACB5D}.Release|Any CPU.ActiveCfg = Release|Any CPU
		{47DF62B8-985B-421A-A32B-14DF5A6ACB5D}.Release|Any CPU.Build.0 = Release|Any CPU
		{47DF62B8-985B-421A-A32B-14DF5A6ACB5D}.Release|x64.ActiveCfg = Release|Any CPU
		{47DF62B8-985B-421A-A32B-14DF5A6ACB5D}.Release|x64.Build.0 = Release|Any CPU
		{47DF62B8-985B-421A-A32B-14DF5A6ACB5D}.Release|x86.ActiveCfg = Release|Any CPU
		{47DF62B8-985B-421A-A32B-14DF5A6ACB5D}.Release|x86.Build.0 = Release|Any CPU
		{CB63CF23-33A5-4B1A-AE7D-D93B48F2FE86}.Debug|Any CPU.ActiveCfg = Debug|Any CPU
		{CB63CF23-33A5-4B1A-AE7D-D93B48F2FE86}.Debug|Any CPU.Build.0 = Debug|Any CPU
		{CB63CF23-33A5-4B1A-AE7D-D93B48F2FE86}.Debug|x64.ActiveCfg = Debug|Any CPU
		{CB63CF23-33A5-4B1A-AE7D-D93B48F2FE86}.Debug|x64.Build.0 = Debug|Any CPU
		{CB63CF23-33A5-4B1A-AE7D-D93B48F2FE86}.Debug|x86.ActiveCfg = Debug|Any CPU
		{CB63CF23-33A5-4B1A-AE7D-D93B48F2FE86}.Debug|x86.Build.0 = Debug|Any CPU
		{CB63CF23-33A5-4B1A-AE7D-D93B48F2FE86}.Release|Any CPU.ActiveCfg = Release|Any CPU
		{CB63CF23-33A5-4B1A-AE7D-D93B48F2FE86}.Release|Any CPU.Build.0 = Release|Any CPU
		{CB63CF23-33A5-4B1A-AE7D-D93B48F2FE86}.Release|x64.ActiveCfg = Release|Any CPU
		{CB63CF23-33A5-4B1A-AE7D-D93B48F2FE86}.Release|x64.Build.0 = Release|Any CPU
		{CB63CF23-33A5-4B1A-AE7D-D93B48F2FE86}.Release|x86.ActiveCfg = Release|Any CPU
		{CB63CF23-33A5-4B1A-AE7D-D93B48F2FE86}.Release|x86.Build.0 = Release|Any CPU
		{768E5C61-4E93-4D04-A156-2D93B5EA1A72}.Debug|Any CPU.ActiveCfg = Debug|Any CPU
		{768E5C61-4E93-4D04-A156-2D93B5EA1A72}.Debug|Any CPU.Build.0 = Debug|Any CPU
		{768E5C61-4E93-4D04-A156-2D93B5EA1A72}.Debug|x64.ActiveCfg = Debug|Any CPU
		{768E5C61-4E93-4D04-A156-2D93B5EA1A72}.Debug|x64.Build.0 = Debug|Any CPU
		{768E5C61-4E93-4D04-A156-2D93B5EA1A72}.Debug|x86.ActiveCfg = Debug|Any CPU
		{768E5C61-4E93-4D04-A156-2D93B5EA1A72}.Debug|x86.Build.0 = Debug|Any CPU
		{768E5C61-4E93-4D04-A156-2D93B5EA1A72}.Release|Any CPU.ActiveCfg = Release|Any CPU
		{768E5C61-4E93-4D04-A156-2D93B5EA1A72}.Release|Any CPU.Build.0 = Release|Any CPU
		{768E5C61-4E93-4D04-A156-2D93B5EA1A72}.Release|x64.ActiveCfg = Release|Any CPU
		{768E5C61-4E93-4D04-A156-2D93B5EA1A72}.Release|x64.Build.0 = Release|Any CPU
		{768E5C61-4E93-4D04-A156-2D93B5EA1A72}.Release|x86.ActiveCfg = Release|Any CPU
		{768E5C61-4E93-4D04-A156-2D93B5EA1A72}.Release|x86.Build.0 = Release|Any CPU
	EndGlobalSection
	GlobalSection(SolutionProperties) = preSolution
		HideSolutionNode = FALSE
	EndGlobalSection
	GlobalSection(NestedProjects) = preSolution
		{048F06BB-0CFD-4FC8-AD45-345B070A7E3D} = {017F133B-3668-4758-8CCA-42BC5FAE4F3C}
		{B5377602-2519-40FD-80FC-B09828FD256E} = {017F133B-3668-4758-8CCA-42BC5FAE4F3C}
		{F4436677-B137-479F-BF55-4E214CEA615A} = {CE3E5D79-8D63-44D8-B998-B86A1D66B2B3}
		{673EF260-D540-4445-84EB-B00CE8CCCA8B} = {CE3E5D79-8D63-44D8-B998-B86A1D66B2B3}
		{7F2ACE1B-B58D-4223-94C4-3B1AEC96F794} = {017F133B-3668-4758-8CCA-42BC5FAE4F3C}
		{9DC21A5F-2F7E-474B-9999-C4E299CB4BA7} = {D99F6522-46DF-4E87-9DBB-FFC92EE581A4}
		{7C7AA1D7-23DA-4496-870E-A37B822900A0} = {D99F6522-46DF-4E87-9DBB-FFC92EE581A4}
		{B69EC56C-104D-49A4-B53F-E32EB27F9FF3} = {D99F6522-46DF-4E87-9DBB-FFC92EE581A4}
		{0FA268C6-304E-458E-B1B6-460F9DB51B75} = {E88D0393-2ECB-462E-B7BC-ACCCA613B59F}
		{60EF434E-6A99-4D26-B4E2-7EFF7FA9960D} = {D99F6522-46DF-4E87-9DBB-FFC92EE581A4}
		{1E26E2D0-D9EA-4237-B91D-F8522BF77EE3} = {D99F6522-46DF-4E87-9DBB-FFC92EE581A4}
		{6E00B9CF-391D-4E00-9C36-B21E19CAA1B5} = {D99F6522-46DF-4E87-9DBB-FFC92EE581A4}
		{16F2529C-2C8A-4F8E-B338-A3D1F79A44D2} = {D99F6522-46DF-4E87-9DBB-FFC92EE581A4}
		{753808E7-46A9-4F93-A711-66B05D804DFF} = {D99F6522-46DF-4E87-9DBB-FFC92EE581A4}
		{E78A7742-4DB1-4835-BDF6-81082575F13E} = {D99F6522-46DF-4E87-9DBB-FFC92EE581A4}
		{8FA68D7B-F926-4D55-8487-429F2096D3D7} = {01A47302-14D5-4561-8BCC-36192C26BEED}
		{089901DD-0EBF-48AC-83AB-D3D5331C1768} = {01A47302-14D5-4561-8BCC-36192C26BEED}
		{E3AB85E8-0BEA-4B7A-8B35-AB7636D1B8F6} = {01A47302-14D5-4561-8BCC-36192C26BEED}
		{CDFFE8C4-DC48-456E-ABD7-6B063CC20725} = {D99F6522-46DF-4E87-9DBB-FFC92EE581A4}
		{009AB20F-E46A-4F9D-B4BE-FBFB29057CA1} = {D99F6522-46DF-4E87-9DBB-FFC92EE581A4}
		{188B51EF-5EDF-4F6B-B84F-622222A37921} = {D99F6522-46DF-4E87-9DBB-FFC92EE581A4}
		{510E0736-63CE-492C-95D6-B03B3B01DA2F} = {D99F6522-46DF-4E87-9DBB-FFC92EE581A4}
		{81C4F3C3-A6E1-408F-BBCB-B6C672795F17} = {D99F6522-46DF-4E87-9DBB-FFC92EE581A4}
		{BF6FA8F8-21DB-4F22-8373-84171D88860E} = {D99F6522-46DF-4E87-9DBB-FFC92EE581A4}
		{703B0775-13D6-43D0-8705-D83149BFD3C9} = {D99F6522-46DF-4E87-9DBB-FFC92EE581A4}
		{9AD01571-8739-4097-9E86-BA1338174A6F} = {D99F6522-46DF-4E87-9DBB-FFC92EE581A4}
		{DAA54B80-66BA-4DE3-B311-60B469B3EF18} = {D99F6522-46DF-4E87-9DBB-FFC92EE581A4}
		{A18B21BC-670C-47BB-8D67-920D718AB163} = {017F133B-3668-4758-8CCA-42BC5FAE4F3C}
		{35240634-06D6-4062-BC92-BC54CC32FB69} = {D99F6522-46DF-4E87-9DBB-FFC92EE581A4}
		{E15D30D7-D406-45A0-B751-D868FDB02789} = {CE3E5D79-8D63-44D8-B998-B86A1D66B2B3}
		{47DF62B8-985B-421A-A32B-14DF5A6ACB5D} = {D99F6522-46DF-4E87-9DBB-FFC92EE581A4}
		{CB63CF23-33A5-4B1A-AE7D-D93B48F2FE86} = {D99F6522-46DF-4E87-9DBB-FFC92EE581A4}
		{768E5C61-4E93-4D04-A156-2D93B5EA1A72} = {D99F6522-46DF-4E87-9DBB-FFC92EE581A4}
	EndGlobalSection
	GlobalSection(ExtensibilityGlobals) = postSolution
		SolutionGuid = {7AF7A999-B725-4971-8363-594E8790FA52}
	EndGlobalSection
EndGlobal
